
Microsoft Visual Studio Solution File, Format Version 12.00
# Visual Studio Version 16
VisualStudioVersion = 16.0.30114.105
MinimumVisualStudioVersion = 10.0.40219.1
Project("{F2A71F9B-5D33-465A-A702-920D77279786}") = "Raznor.Components", "Raznor.Components\Raznor.Components.fsproj", "{1CDD4084-A51C-4E4D-88AD-FCF9812351DE}"
EndProject
Project("{F2A71F9B-5D33-465A-A702-920D77279786}") = "Raznor.Core", "Raznor.Core\Raznor.Core.fsproj", "{EA9B01A0-8218-475C-AFD9-FE9755DB6F7E}"
EndProject
Project("{F2A71F9B-5D33-465A-A702-920D77279786}") = "Raznor.MVU", "Raznor.MVU\Raznor.MVU.fsproj", "{0E0B757E-148E-46D5-8563-1430543C3FF6}"
EndProject
Global
	GlobalSection(SolutionConfigurationPlatforms) = preSolution
		Debug|Any CPU = Debug|Any CPU
		Release|Any CPU = Release|Any CPU
	EndGlobalSection
	GlobalSection(SolutionProperties) = preSolution
		HideSolutionNode = FALSE
	EndGlobalSection
	GlobalSection(ProjectConfigurationPlatforms) = postSolution
		{1CDD4084-A51C-4E4D-88AD-FCF9812351DE}.Debug|Any CPU.ActiveCfg = Debug|Any CPU
		{1CDD4084-A51C-4E4D-88AD-FCF9812351DE}.Debug|Any CPU.Build.0 = Debug|Any CPU
		{1CDD4084-A51C-4E4D-88AD-FCF9812351DE}.Release|Any CPU.ActiveCfg = Release|Any CPU
		{1CDD4084-A51C-4E4D-88AD-FCF9812351DE}.Release|Any CPU.Build.0 = Release|Any CPU
		{EA9B01A0-8218-475C-AFD9-FE9755DB6F7E}.Debug|Any CPU.ActiveCfg = Debug|Any CPU
		{EA9B01A0-8218-475C-AFD9-FE9755DB6F7E}.Debug|Any CPU.Build.0 = Debug|Any CPU
		{EA9B01A0-8218-475C-AFD9-FE9755DB6F7E}.Release|Any CPU.ActiveCfg = Release|Any CPU
		{EA9B01A0-8218-475C-AFD9-FE9755DB6F7E}.Release|Any CPU.Build.0 = Release|Any CPU
		{0E0B757E-148E-46D5-8563-1430543C3FF6}.Debug|Any CPU.ActiveCfg = Debug|Any CPU
		{0E0B757E-148E-46D5-8563-1430543C3FF6}.Debug|Any CPU.Build.0 = Debug|Any CPU
		{0E0B757E-148E-46D5-8563-1430543C3FF6}.Release|Any CPU.ActiveCfg = Release|Any CPU
		{0E0B757E-148E-46D5-8563-1430543C3FF6}.Release|Any CPU.Build.0 = Release|Any CPU
	EndGlobalSection
EndGlobal
